// !$*UTF8*$!
{
	archiveVersion = 1;
	classes = {
	};
	objectVersion = 46;
	objects = {

/* Begin PBXBuildFile section */
		D5DFFED81DFF800A008474EB /* AppDelegate.swift in Sources */ = {isa = PBXBuildFile; fileRef = D5DFFED71DFF800A008474EB /* AppDelegate.swift */; };
		D5DFFEDA1DFF800A008474EB /* SignInVC.swift in Sources */ = {isa = PBXBuildFile; fileRef = D5DFFED91DFF800A008474EB /* SignInVC.swift */; };
		D5DFFEDD1DFF800A008474EB /* Main.storyboard in Resources */ = {isa = PBXBuildFile; fileRef = D5DFFEDB1DFF800A008474EB /* Main.storyboard */; };
		D5DFFEDF1DFF800A008474EB /* Assets.xcassets in Resources */ = {isa = PBXBuildFile; fileRef = D5DFFEDE1DFF800A008474EB /* Assets.xcassets */; };
		D5DFFEE21DFF800A008474EB /* LaunchScreen.storyboard in Resources */ = {isa = PBXBuildFile; fileRef = D5DFFEE01DFF800A008474EB /* LaunchScreen.storyboard */; };
		D5DFFEEA1DFF8012008474EB /* GoogleService-Info.plist in Resources */ = {isa = PBXBuildFile; fileRef = D5DFFEE91DFF8012008474EB /* GoogleService-Info.plist */; };
		D8BEAA632FC681D5A86C9314 /* Pods_Firebase_Social_App.framework in Frameworks */ = {isa = PBXBuildFile; fileRef = 3818535569A2CEE945726EC3 /* Pods_Firebase_Social_App.framework */; };
/* End PBXBuildFile section */

/* Begin PBXFileReference section */
		3818535569A2CEE945726EC3 /* Pods_Firebase_Social_App.framework */ = {isa = PBXFileReference; explicitFileType = wrapper.framework; includeInIndex = 0; path = Pods_Firebase_Social_App.framework; sourceTree = BUILT_PRODUCTS_DIR; };
		D5DFFED41DFF800A008474EB /* Firebase Social App.app */ = {isa = PBXFileReference; explicitFileType = wrapper.application; includeInIndex = 0; path = "Firebase Social App.app"; sourceTree = BUILT_PRODUCTS_DIR; };
		D5DFFED71DFF800A008474EB /* AppDelegate.swift */ = {isa = PBXFileReference; lastKnownFileType = sourcecode.swift; path = AppDelegate.swift; sourceTree = "<group>"; };
		D5DFFED91DFF800A008474EB /* SignInVC.swift */ = {isa = PBXFileReference; lastKnownFileType = sourcecode.swift; path = SignInVC.swift; sourceTree = "<group>"; };
		D5DFFEDC1DFF800A008474EB /* Base */ = {isa = PBXFileReference; lastKnownFileType = file.storyboard; name = Base; path = Base.lproj/Main.storyboard; sourceTree = "<group>"; };
		D5DFFEDE1DFF800A008474EB /* Assets.xcassets */ = {isa = PBXFileReference; lastKnownFileType = folder.assetcatalog; path = Assets.xcassets; sourceTree = "<group>"; };
		D5DFFEE11DFF800A008474EB /* Base */ = {isa = PBXFileReference; lastKnownFileType = file.storyboard; name = Base; path = Base.lproj/LaunchScreen.storyboard; sourceTree = "<group>"; };
		D5DFFEE31DFF800A008474EB /* Info.plist */ = {isa = PBXFileReference; lastKnownFileType = text.plist.xml; path = Info.plist; sourceTree = "<group>"; };
		D5DFFEE91DFF8012008474EB /* GoogleService-Info.plist */ = {isa = PBXFileReference; fileEncoding = 4; lastKnownFileType = text.plist.xml; path = "GoogleService-Info.plist"; sourceTree = "<group>"; };
		EBED1A7A2990156C5C23B8B9 /* Pods-Firebase Social App.debug.xcconfig */ = {isa = PBXFileReference; includeInIndex = 1; lastKnownFileType = text.xcconfig; name = "Pods-Firebase Social App.debug.xcconfig"; path = "Pods/Target Support Files/Pods-Firebase Social App/Pods-Firebase Social App.debug.xcconfig"; sourceTree = "<group>"; };
		F44AA6D50A382E2D853011FE /* Pods-Firebase Social App.release.xcconfig */ = {isa = PBXFileReference; includeInIndex = 1; lastKnownFileType = text.xcconfig; name = "Pods-Firebase Social App.release.xcconfig"; path = "Pods/Target Support Files/Pods-Firebase Social App/Pods-Firebase Social App.release.xcconfig"; sourceTree = "<group>"; };
/* End PBXFileReference section */

/* Begin PBXFrameworksBuildPhase section */
		D5DFFED11DFF800A008474EB /* Frameworks */ = {
			isa = PBXFrameworksBuildPhase;
			buildActionMask = 2147483647;
			files = (
				D8BEAA632FC681D5A86C9314 /* Pods_Firebase_Social_App.framework in Frameworks */,
			);
			runOnlyForDeploymentPostprocessing = 0;
		};
/* End PBXFrameworksBuildPhase section */

/* Begin PBXGroup section */
		7B043F45342386CC524D4B89 /* Frameworks */ = {
			isa = PBXGroup;
			children = (
				3818535569A2CEE945726EC3 /* Pods_Firebase_Social_App.framework */,
			);
			name = Frameworks;
			sourceTree = "<group>";
		};
		D5DFFECB1DFF800A008474EB = {
			isa = PBXGroup;
			children = (
				D5DFFED61DFF800A008474EB /* Firebase Social App */,
				D5DFFED51DFF800A008474EB /* Products */,
				EA71A42A88D393A49A275BD8 /* Pods */,
				7B043F45342386CC524D4B89 /* Frameworks */,
			);
			sourceTree = "<group>";
		};
		D5DFFED51DFF800A008474EB /* Products */ = {
			isa = PBXGroup;
			children = (
				D5DFFED41DFF800A008474EB /* Firebase Social App.app */,
			);
			name = Products;
			sourceTree = "<group>";
		};
		D5DFFED61DFF800A008474EB /* Firebase Social App */ = {
			isa = PBXGroup;
			children = (
				D5DFFEEB1DFF81DB008474EB /* Model */,
				D5DFFEEC1DFF81E0008474EB /* View */,
				D5DFFEED1DFF81E5008474EB /* Controller */,
				D5DFFED71DFF800A008474EB /* AppDelegate.swift */,
				D5DFFEDB1DFF800A008474EB /* Main.storyboard */,
				D5DFFEDE1DFF800A008474EB /* Assets.xcassets */,
				D5DFFEE01DFF800A008474EB /* LaunchScreen.storyboard */,
				D5DFFEE31DFF800A008474EB /* Info.plist */,
				D5DFFEE91DFF8012008474EB /* GoogleService-Info.plist */,
			);
			path = "Firebase Social App";
			sourceTree = "<group>";
		};
		D5DFFEEB1DFF81DB008474EB /* Model */ = {
			isa = PBXGroup;
			children = (
			);
			name = Model;
			sourceTree = "<group>";
		};
		D5DFFEEC1DFF81E0008474EB /* View */ = {
			isa = PBXGroup;
			children = (
			);
			name = View;
			sourceTree = "<group>";
		};
		D5DFFEED1DFF81E5008474EB /* Controller */ = {
			isa = PBXGroup;
			children = (
				D5DFFED91DFF800A008474EB /* SignInVC.swift */,
			);
			name = Controller;
			sourceTree = "<group>";
		};
		EA71A42A88D393A49A275BD8 /* Pods */ = {
			isa = PBXGroup;
			children = (
				EBED1A7A2990156C5C23B8B9 /* Pods-Firebase Social App.debug.xcconfig */,
				F44AA6D50A382E2D853011FE /* Pods-Firebase Social App.release.xcconfig */,
			);
			name = Pods;
			sourceTree = "<group>";
		};
/* End PBXGroup section */

/* Begin PBXNativeTarget section */
		D5DFFED31DFF800A008474EB /* Firebase Social App */ = {
			isa = PBXNativeTarget;
			buildConfigurationList = D5DFFEE61DFF800A008474EB /* Build configuration list for PBXNativeTarget "Firebase Social App" */;
			buildPhases = (
				DC7EAA437A5FC128014BEFC0 /* 📦 Check Pods Manifest.lock */,
				D5DFFED01DFF800A008474EB /* Sources */,
				D5DFFED11DFF800A008474EB /* Frameworks */,
				D5DFFED21DFF800A008474EB /* Resources */,
				DACE3EA29D919B20B65996A8 /* 📦 Embed Pods Frameworks */,
				C97BDFD630F28ECEA41816D0 /* 📦 Copy Pods Resources */,
			);
			buildRules = (
			);
			dependencies = (
			);
			name = "Firebase Social App";
			productName = "Firebase Social App";
			productReference = D5DFFED41DFF800A008474EB /* Firebase Social App.app */;
			productType = "com.apple.product-type.application";
		};
/* End PBXNativeTarget section */

/* Begin PBXProject section */
		D5DFFECC1DFF800A008474EB /* Project object */ = {
			isa = PBXProject;
			attributes = {
				LastSwiftUpdateCheck = 0810;
				LastUpgradeCheck = 0810;
				ORGANIZATIONNAME = "Zehua Lin";
				TargetAttributes = {
					D5DFFED31DFF800A008474EB = {
						CreatedOnToolsVersion = 8.1;
						DevelopmentTeam = CJJ9766P8D;
						ProvisioningStyle = Automatic;
					};
				};
			};
			buildConfigurationList = D5DFFECF1DFF800A008474EB /* Build configuration list for PBXProject "Firebase Social App" */;
			compatibilityVersion = "Xcode 3.2";
			developmentRegion = English;
			hasScannedForEncodings = 0;
			knownRegions = (
				en,
				Base,
			);
			mainGroup = D5DFFECB1DFF800A008474EB;
			productRefGroup = D5DFFED51DFF800A008474EB /* Products */;
			projectDirPath = "";
			projectRoot = "";
			targets = (
				D5DFFED31DFF800A008474EB /* Firebase Social App */,
			);
		};
/* End PBXProject section */

/* Begin PBXResourcesBuildPhase section */
		D5DFFED21DFF800A008474EB /* Resources */ = {
			isa = PBXResourcesBuildPhase;
			buildActionMask = 2147483647;
			files = (
				D5DFFEE21DFF800A008474EB /* LaunchScreen.storyboard in Resources */,
				D5DFFEEA1DFF8012008474EB /* GoogleService-Info.plist in Resources */,
				D5DFFEDF1DFF800A008474EB /* Assets.xcassets in Resources */,
				D5DFFEDD1DFF800A008474EB /* Main.storyboard in Resources */,
			);
			runOnlyForDeploymentPostprocessing = 0;
		};
/* End PBXResourcesBuildPhase section */

/* Begin PBXShellScriptBuildPhase section */
		C97BDFD630F28ECEA41816D0 /* 📦 Copy Pods Resources */ = {
			isa = PBXShellScriptBuildPhase;
			buildActionMask = 2147483647;
			files = (
			);
			inputPaths = (
			);
			name = "📦 Copy Pods Resources";
			outputPaths = (
			);
			runOnlyForDeploymentPostprocessing = 0;
			shellPath = /bin/sh;
			shellScript = "\"${SRCROOT}/Pods/Target Support Files/Pods-Firebase Social App/Pods-Firebase Social App-resources.sh\"\n";
			showEnvVarsInLog = 0;
		};
		DACE3EA29D919B20B65996A8 /* 📦 Embed Pods Frameworks */ = {
			isa = PBXShellScriptBuildPhase;
			buildActionMask = 2147483647;
			files = (
			);
			inputPaths = (
			);
			name = "📦 Embed Pods Frameworks";
			outputPaths = (
			);
			runOnlyForDeploymentPostprocessing = 0;
			shellPath = /bin/sh;
			shellScript = "\"${SRCROOT}/Pods/Target Support Files/Pods-Firebase Social App/Pods-Firebase Social App-frameworks.sh\"\n";
			showEnvVarsInLog = 0;
		};
		DC7EAA437A5FC128014BEFC0 /* 📦 Check Pods Manifest.lock */ = {
			isa = PBXShellScriptBuildPhase;
			buildActionMask = 2147483647;
			files = (
			);
			inputPaths = (
			);
			name = "📦 Check Pods Manifest.lock";
			outputPaths = (
			);
			runOnlyForDeploymentPostprocessing = 0;
			shellPath = /bin/sh;
			shellScript = "diff \"${PODS_ROOT}/../Podfile.lock\" \"${PODS_ROOT}/Manifest.lock\" > /dev/null\nif [[ $? != 0 ]] ; then\n    cat << EOM\nerror: The sandbox is not in sync with the Podfile.lock. Run 'pod install' or update your CocoaPods installation.\nEOM\n    exit 1\nfi\n";
			showEnvVarsInLog = 0;
		};
/* End PBXShellScriptBuildPhase section */

/* Begin PBXSourcesBuildPhase section */
		D5DFFED01DFF800A008474EB /* Sources */ = {
			isa = PBXSourcesBuildPhase;
			buildActionMask = 2147483647;
			files = (
				D5DFFEDA1DFF800A008474EB /* SignInVC.swift in Sources */,
				D5DFFED81DFF800A008474EB /* AppDelegate.swift in Sources */,
			);
			runOnlyForDeploymentPostprocessing = 0;
		};
/* End PBXSourcesBuildPhase section */

/* Begin PBXVariantGroup section */
		D5DFFEDB1DFF800A008474EB /* Main.storyboard */ = {
			isa = PBXVariantGroup;
			children = (
				D5DFFEDC1DFF800A008474EB /* Base */,
			);
			name = Main.storyboard;
			sourceTree = "<group>";
		};
		D5DFFEE01DFF800A008474EB /* LaunchScreen.storyboard */ = {
			isa = PBXVariantGroup;
			children = (
				D5DFFEE11DFF800A008474EB /* Base */,
			);
			name = LaunchScreen.storyboard;
			sourceTree = "<group>";
		};
/* End PBXVariantGroup section */

/* Begin XCBuildConfiguration section */
		D5DFFEE41DFF800A008474EB /* Debug */ = {
			isa = XCBuildConfiguration;
			buildSettings = {
				ALWAYS_SEARCH_USER_PATHS = NO;
				CLANG_ANALYZER_NONNULL = YES;
				CLANG_CXX_LANGUAGE_STANDARD = "gnu++0x";
				CLANG_CXX_LIBRARY = "libc++";
				CLANG_ENABLE_MODULES = YES;
				CLANG_ENABLE_OBJC_ARC = YES;
				CLANG_WARN_BOOL_CONVERSION = YES;
				CLANG_WARN_CONSTANT_CONVERSION = YES;
				CLANG_WARN_DIRECT_OBJC_ISA_USAGE = YES_ERROR;
				CLANG_WARN_DOCUMENTATION_COMMENTS = YES;
				CLANG_WARN_EMPTY_BODY = YES;
				CLANG_WARN_ENUM_CONVERSION = YES;
				CLANG_WARN_INFINITE_RECURSION = YES;
				CLANG_WARN_INT_CONVERSION = YES;
				CLANG_WARN_OBJC_ROOT_CLASS = YES_ERROR;
				CLANG_WARN_SUSPICIOUS_MOVES = YES;
				CLANG_WARN_UNREACHABLE_CODE = YES;
				CLANG_WARN__DUPLICATE_METHOD_MATCH = YES;
				"CODE_SIGN_IDENTITY[sdk=iphoneos*]" = "iPhone Developer";
				COPY_PHASE_STRIP = NO;
				DEBUG_INFORMATION_FORMAT = dwarf;
				ENABLE_STRICT_OBJC_MSGSEND = YES;
				ENABLE_TESTABILITY = YES;
				GCC_C_LANGUAGE_STANDARD = gnu99;
				GCC_DYNAMIC_NO_PIC = NO;
				GCC_NO_COMMON_BLOCKS = YES;
				GCC_OPTIMIZATION_LEVEL = 0;
				GCC_PREPROCESSOR_DEFINITIONS = (
					"DEBUG=1",
					"$(inherited)",
				);
				GCC_WARN_64_TO_32_BIT_CONVERSION = YES;
				GCC_WARN_ABOUT_RETURN_TYPE = YES_ERROR;
				GCC_WARN_UNDECLARED_SELECTOR = YES;
				GCC_WARN_UNINITIALIZED_AUTOS = YES_AGGRESSIVE;
				GCC_WARN_UNUSED_FUNCTION = YES;
				GCC_WARN_UNUSED_VARIABLE = YES;
				IPHONEOS_DEPLOYMENT_TARGET = 10.1;
				MTL_ENABLE_DEBUG_INFO = YES;
				ONLY_ACTIVE_ARCH = YES;
				SDKROOT = iphoneos;
				SWIFT_ACTIVE_COMPILATION_CONDITIONS = DEBUG;
				SWIFT_OPTIMIZATION_LEVEL = "-Onone";
			};
			name = Debug;
		};
		D5DFFEE51DFF800A008474EB /* Release */ = {
			isa = XCBuildConfiguration;
			buildSettings = {
				ALWAYS_SEARCH_USER_PATHS = NO;
				CLANG_ANALYZER_NONNULL = YES;
				CLANG_CXX_LANGUAGE_STANDARD = "gnu++0x";
				CLANG_CXX_LIBRARY = "libc++";
				CLANG_ENABLE_MODULES = YES;
				CLANG_ENABLE_OBJC_ARC = YES;
				CLANG_WARN_BOOL_CONVERSION = YES;
				CLANG_WARN_CONSTANT_CONVERSION = YES;
				CLANG_WARN_DIRECT_OBJC_ISA_USAGE = YES_ERROR;
				CLANG_WARN_DOCUMENTATION_COMMENTS = YES;
				CLANG_WARN_EMPTY_BODY = YES;
				CLANG_WARN_ENUM_CONVERSION = YES;
				CLANG_WARN_INFINITE_RECURSION = YES;
				CLANG_WARN_INT_CONVERSION = YES;
				CLANG_WARN_OBJC_ROOT_CLASS = YES_ERROR;
				CLANG_WARN_SUSPICIOUS_MOVES = YES;
				CLANG_WARN_UNREACHABLE_CODE = YES;
				CLANG_WARN__DUPLICATE_METHOD_MATCH = YES;
				"CODE_SIGN_IDENTITY[sdk=iphoneos*]" = "iPhone Developer";
				COPY_PHASE_STRIP = NO;
				DEBUG_INFORMATION_FORMAT = "dwarf-with-dsym";
				ENABLE_NS_ASSERTIONS = NO;
				ENABLE_STRICT_OBJC_MSGSEND = YES;
				GCC_C_LANGUAGE_STANDARD = gnu99;
				GCC_NO_COMMON_BLOCKS = YES;
				GCC_WARN_64_TO_32_BIT_CONVERSION = YES;
				GCC_WARN_ABOUT_RETURN_TYPE = YES_ERROR;
				GCC_WARN_UNDECLARED_SELECTOR = YES;
				GCC_WARN_UNINITIALIZED_AUTOS = YES_AGGRESSIVE;
				GCC_WARN_UNUSED_FUNCTION = YES;
				GCC_WARN_UNUSED_VARIABLE = YES;
				IPHONEOS_DEPLOYMENT_TARGET = 10.1;
				MTL_ENABLE_DEBUG_INFO = NO;
				SDKROOT = iphoneos;
				SWIFT_OPTIMIZATION_LEVEL = "-Owholemodule";
				VALIDATE_PRODUCT = YES;
			};
			name = Release;
		};
		D5DFFEE71DFF800A008474EB /* Debug */ = {
			isa = XCBuildConfiguration;
			baseConfigurationReference = EBED1A7A2990156C5C23B8B9 /* Pods-Firebase Social App.debug.xcconfig */;
			buildSettings = {
				ASSETCATALOG_COMPILER_APPICON_NAME = AppIcon;
				DEVELOPMENT_TEAM = CJJ9766P8D;
				INFOPLIST_FILE = "Firebase Social App/Info.plist";
				LD_RUNPATH_SEARCH_PATHS = "$(inherited) @executable_path/Frameworks";
				PRODUCT_BUNDLE_IDENTIFIER = "com.Errol.Firebase-Social-App";
				PRODUCT_NAME = "$(TARGET_NAME)";
				SWIFT_VERSION = 3.0;
			};
			name = Debug;
		};
		D5DFFEE81DFF800A008474EB /* Release */ = {
			isa = XCBuildConfiguration;
			baseConfigurationReference = F44AA6D50A382E2D853011FE /* Pods-Firebase Social App.release.xcconfig */;
			buildSettings = {
				ASSETCATALOG_COMPILER_APPICON_NAME = AppIcon;
				DEVELOPMENT_TEAM = CJJ9766P8D;
				INFOPLIST_FILE = "Firebase Social App/Info.plist";
				LD_RUNPATH_SEARCH_PATHS = "$(inherited) @executable_path/Frameworks";
				PRODUCT_BUNDLE_IDENTIFIER = "com.Errol.Firebase-Social-App";
				PRODUCT_NAME = "$(TARGET_NAME)";
				SWIFT_VERSION = 3.0;
			};
			name = Release;
		};
/* End XCBuildConfiguration section */

/* Begin XCConfigurationList section */
		D5DFFECF1DFF800A008474EB /* Build configuration list for PBXProject "Firebase Social App" */ = {
			isa = XCConfigurationList;
			buildConfigurations = (
				D5DFFEE41DFF800A008474EB /* Debug */,
				D5DFFEE51DFF800A008474EB /* Release */,
			);
			defaultConfigurationIsVisible = 0;
			defaultConfigurationName = Release;
		};
		D5DFFEE61DFF800A008474EB /* Build configuration list for PBXNativeTarget "Firebase Social App" */ = {
			isa = XCConfigurationList;
			buildConfigurations = (
				D5DFFEE71DFF800A008474EB /* Debug */,
				D5DFFEE81DFF800A008474EB /* Release */,
			);
			defaultConfigurationIsVisible = 0;
			defaultConfigurationName = Release;
		};
/* End XCConfigurationList section */
	};
	rootObject = D5DFFECC1DFF800A008474EB /* Project object */;
}
